
Microsoft Visual Studio Solution File, Format Version 12.00
# Visual Studio Version 16
VisualStudioVersion = 16.0.30804.86
MinimumVisualStudioVersion = 10.0.40219.1
Project("{FAE04EC0-301F-11D3-BF4B-00C04F79EFBC}") = "Demo2.Android", "Demo2.Android\Demo2.Android.csproj", "{FC7E84B4-C411-4B81-AB9D-AC6CF5C07B57}"
EndProject
Project("{FAE04EC0-301F-11D3-BF4B-00C04F79EFBC}") = "Demo2.iOS", "Demo2.iOS\Demo2.iOS.csproj", "{57811DF4-CB87-4328-AF72-5BC6728D516C}"
EndProject
Project("{FAE04EC0-301F-11D3-BF4B-00C04F79EFBC}") = "Demo2", "Demo2\Demo2.csproj", "{C5197CC8-5B1E-4E4F-9C78-81C7BEAB7466}"
EndProject
Global
	GlobalSection(SolutionConfigurationPlatforms) = preSolution
		Debug|Any CPU = Debug|Any CPU
		Debug|iPhone = Debug|iPhone
		Debug|iPhoneSimulator = Debug|iPhoneSimulator
		Release|Any CPU = Release|Any CPU
		Release|iPhone = Release|iPhone
		Release|iPhoneSimulator = Release|iPhoneSimulator
	EndGlobalSection
	GlobalSection(ProjectConfigurationPlatforms) = postSolution
		{FC7E84B4-C411-4B81-AB9D-AC6CF5C07B57}.Debug|Any CPU.ActiveCfg = Debug|Any CPU
		{FC7E84B4-C411-4B81-AB9D-AC6CF5C07B57}.Debug|Any CPU.Build.0 = Debug|Any CPU
		{FC7E84B4-C411-4B81-AB9D-AC6CF5C07B57}.Debug|Any CPU.Deploy.0 = Debug|Any CPU
		{FC7E84B4-C411-4B81-AB9D-AC6CF5C07B57}.Debug|iPhone.ActiveCfg = Debug|Any CPU
		{FC7E84B4-C411-4B81-AB9D-AC6CF5C07B57}.Debug|iPhone.Build.0 = Debug|Any CPU
		{FC7E84B4-C411-4B81-AB9D-AC6CF5C07B57}.Debug|iPhone.Deploy.0 = Debug|Any CPU
		{FC7E84B4-C411-4B81-AB9D-AC6CF5C07B57}.Debug|iPhoneSimulator.ActiveCfg = Debug|Any CPU
		{FC7E84B4-C411-4B81-AB9D-AC6CF5C07B57}.Debug|iPhoneSimulator.Build.0 = Debug|Any CPU
		{FC7E84B4-C411-4B81-AB9D-AC6CF5C07B57}.Debug|iPhoneSimulator.Deploy.0 = Debug|Any CPU
		{FC7E84B4-C411-4B81-AB9D-AC6CF5C07B57}.Release|Any CPU.ActiveCfg = Release|Any CPU
		{FC7E84B4-C411-4B81-AB9D-AC6CF5C07B57}.Release|Any CPU.Build.0 = Release|Any CPU
		{FC7E84B4-C411-4B81-AB9D-AC6CF5C07B57}.Release|Any CPU.Deploy.0 = Release|Any CPU
		{FC7E84B4-C411-4B81-AB9D-AC6CF5C07B57}.Release|iPhone.ActiveCfg = Release|Any CPU
		{FC7E84B4-C411-4B81-AB9D-AC6CF5C07B57}.Release|iPhone.Build.0 = Release|Any CPU
		{FC7E84B4-C411-4B81-AB9D-AC6CF5C07B57}.Release|iPhone.Deploy.0 = Release|Any CPU
		{FC7E84B4-C411-4B81-AB9D-AC6CF5C07B57}.Release|iPhoneSimulator.ActiveCfg = Release|Any CPU
		{FC7E84B4-C411-4B81-AB9D-AC6CF5C07B57}.Release|iPhoneSimulator.Build.0 = Release|Any CPU
		{FC7E84B4-C411-4B81-AB9D-AC6CF5C07B57}.Release|iPhoneSimulator.Deploy.0 = Release|Any CPU
		{57811DF4-CB87-4328-AF72-5BC6728D516C}.Debug|Any CPU.ActiveCfg = Debug|iPhone
		{57811DF4-CB87-4328-AF72-5BC6728D516C}.Debug|Any CPU.Build.0 = Debug|iPhone
		{57811DF4-CB87-4328-AF72-5BC6728D516C}.Debug|Any CPU.Deploy.0 = Debug|iPhone
		{57811DF4-CB87-4328-AF72-5BC6728D516C}.Debug|iPhone.ActiveCfg = Debug|iPhone
		{57811DF4-CB87-4328-AF72-5BC6728D516C}.Debug|iPhone.Build.0 = Debug|iPhone
		{57811DF4-CB87-4328-AF72-5BC6728D516C}.Debug|iPhone.Deploy.0 = Debug|iPhone
		{57811DF4-CB87-4328-AF72-5BC6728D516C}.Debug|iPhoneSimulator.ActiveCfg = Debug|iPhoneSimulator
		{57811DF4-CB87-4328-AF72-5BC6728D516C}.Debug|iPhoneSimulator.Build.0 = Debug|iPhoneSimulator
		{57811DF4-CB87-4328-AF72-5BC6728D516C}.Debug|iPhoneSimulator.Deploy.0 = Debug|iPhoneSimulator
		{57811DF4-CB87-4328-AF72-5BC6728D516C}.Release|Any CPU.ActiveCfg = Release|iPhoneSimulator
		{57811DF4-CB87-4328-AF72-5BC6728D516C}.Release|Any CPU.Build.0 = Release|iPhoneSimulator
		{57811DF4-CB87-4328-AF72-5BC6728D516C}.Release|Any CPU.Deploy.0 = Release|iPhoneSimulator
		{57811DF4-CB87-4328-AF72-5BC6728D516C}.Release|iPhone.ActiveCfg = Release|iPhone
		{57811DF4-CB87-4328-AF72-5BC6728D516C}.Release|iPhone.Build.0 = Release|iPhone
		{57811DF4-CB87-4328-AF72-5BC6728D516C}.Release|iPhone.Deploy.0 = Release|iPhone
		{57811DF4-CB87-4328-AF72-5BC6728D516C}.Release|iPhoneSimulator.ActiveCfg = Release|iPhoneSimulator
		{57811DF4-CB87-4328-AF72-5BC6728D516C}.Release|iPhoneSimulator.Build.0 = Release|iPhoneSimulator
		{57811DF4-CB87-4328-AF72-5BC6728D516C}.Release|iPhoneSimulator.Deploy.0 = Release|iPhoneSimulator
		{C5197CC8-5B1E-4E4F-9C78-81C7BEAB7466}.Debug|Any CPU.ActiveCfg = Debug|Any CPU
		{C5197CC8-5B1E-4E4F-9C78-81C7BEAB7466}.Debug|Any CPU.Build.0 = Debug|Any CPU
		{C5197CC8-5B1E-4E4F-9C78-81C7BEAB7466}.Debug|Any CPU.Deploy.0 = Debug|Any CPU
		{C5197CC8-5B1E-4E4F-9C78-81C7BEAB7466}.Debug|iPhone.ActiveCfg = Debug|Any CPU
		{C5197CC8-5B1E-4E4F-9C78-81C7BEAB7466}.Debug|iPhone.Build.0 = Debug|Any CPU
		{C5197CC8-5B1E-4E4F-9C78-81C7BEAB7466}.Debug|iPhone.Deploy.0 = Debug|Any CPU
		{C5197CC8-5B1E-4E4F-9C78-81C7BEAB7466}.Debug|iPhoneSimulator.ActiveCfg = Debug|Any CPU
		{C5197CC8-5B1E-4E4F-9C78-81C7BEAB7466}.Debug|iPhoneSimulator.Build.0 = Debug|Any CPU
		{C5197CC8-5B1E-4E4F-9C78-81C7BEAB7466}.Debug|iPhoneSimulator.Deploy.0 = Debug|Any CPU
		{C5197CC8-5B1E-4E4F-9C78-81C7BEAB7466}.Release|Any CPU.ActiveCfg = Release|Any CPU
		{C5197CC8-5B1E-4E4F-9C78-81C7BEAB7466}.Release|Any CPU.Build.0 = Release|Any CPU
		{C5197CC8-5B1E-4E4F-9C78-81C7BEAB7466}.Release|Any CPU.Deploy.0 = Release|Any CPU
		{C5197CC8-5B1E-4E4F-9C78-81C7BEAB7466}.Release|iPhone.ActiveCfg = Release|Any CPU
		{C5197CC8-5B1E-4E4F-9C78-81C7BEAB7466}.Release|iPhone.Build.0 = Release|Any CPU
		{C5197CC8-5B1E-4E4F-9C78-81C7BEAB7466}.Release|iPhone.Deploy.0 = Release|Any CPU
		{C5197CC8-5B1E-4E4F-9C78-81C7BEAB7466}.Release|iPhoneSimulator.ActiveCfg = Release|Any CPU
		{C5197CC8-5B1E-4E4F-9C78-81C7BEAB7466}.Release|iPhoneSimulator.Build.0 = Release|Any CPU
		{C5197CC8-5B1E-4E4F-9C78-81C7BEAB7466}.Release|iPhoneSimulator.Deploy.0 = Release|Any CPU
	EndGlobalSection
	GlobalSection(SolutionProperties) = preSolution
		HideSolutionNode = FALSE
	EndGlobalSection
	GlobalSection(ExtensibilityGlobals) = postSolution
		SolutionGuid = {3F7367D4-304F-4246-A04A-6BA69350E623}
	EndGlobalSection
EndGlobal
